
Microsoft Visual Studio Solution File, Format Version 12.00
# Visual Studio 15
VisualStudioVersion = 15.0.28307.421
MinimumVisualStudioVersion = 10.0.40219.1
Project("{9A19103F-16F7-4668-BE54-9A1E7A4F7556}") = "Artice.Core", "Artice.Core\Artice.Core.csproj", "{21093E2D-95DE-4E95-9AF9-0FFE518A6FDD}"
EndProject
Project("{9A19103F-16F7-4668-BE54-9A1E7A4F7556}") = "Artice.Telegram", "Artice.Telegram\Artice.Telegram.csproj", "{F19F2BC8-838B-4012-AB04-206DFE29E58A}"
EndProject
Project("{9A19103F-16F7-4668-BE54-9A1E7A4F7556}") = "Artice.WebApp", "Artice.WebApp\Artice.WebApp.csproj", "{3AB840BC-E551-4103-8A09-ED0350572E78}"
EndProject
Project("{FAE04EC0-301F-11D3-BF4B-00C04F79EFBC}") = "Artice.LogicCore", "Artice.LogicCore\Artice.LogicCore.csproj", "{DD743B32-F237-467C-BD2C-EF5157756B7D}"
EndProject
Project("{FAE04EC0-301F-11D3-BF4B-00C04F79EFBC}") = "Artice.MessageQueues.InMemory", "Artice.MessageQueues.InMemory\Artice.MessageQueues.InMemory.csproj", "{49B9DDD7-DD37-4024-9EC8-AD5E3F5DAB7D}"
EndProject
Global
	GlobalSection(SolutionConfigurationPlatforms) = preSolution
		Debug|Any CPU = Debug|Any CPU
		Release|Any CPU = Release|Any CPU
	EndGlobalSection
	GlobalSection(ProjectConfigurationPlatforms) = postSolution
		{21093E2D-95DE-4E95-9AF9-0FFE518A6FDD}.Debug|Any CPU.ActiveCfg = Debug|Any CPU
		{21093E2D-95DE-4E95-9AF9-0FFE518A6FDD}.Debug|Any CPU.Build.0 = Debug|Any CPU
		{21093E2D-95DE-4E95-9AF9-0FFE518A6FDD}.Release|Any CPU.ActiveCfg = Release|Any CPU
		{21093E2D-95DE-4E95-9AF9-0FFE518A6FDD}.Release|Any CPU.Build.0 = Release|Any CPU
		{F19F2BC8-838B-4012-AB04-206DFE29E58A}.Debug|Any CPU.ActiveCfg = Debug|Any CPU
		{F19F2BC8-838B-4012-AB04-206DFE29E58A}.Debug|Any CPU.Build.0 = Debug|Any CPU
		{F19F2BC8-838B-4012-AB04-206DFE29E58A}.Release|Any CPU.ActiveCfg = Release|Any CPU
		{F19F2BC8-838B-4012-AB04-206DFE29E58A}.Release|Any CPU.Build.0 = Release|Any CPU
		{3AB840BC-E551-4103-8A09-ED0350572E78}.Debug|Any CPU.ActiveCfg = Debug|Any CPU
		{3AB840BC-E551-4103-8A09-ED0350572E78}.Debug|Any CPU.Build.0 = Debug|Any CPU
		{3AB840BC-E551-4103-8A09-ED0350572E78}.Release|Any CPU.ActiveCfg = Release|Any CPU
		{3AB840BC-E551-4103-8A09-ED0350572E78}.Release|Any CPU.Build.0 = Release|Any CPU
		{DD743B32-F237-467C-BD2C-EF5157756B7D}.Debug|Any CPU.ActiveCfg = Debug|Any CPU
		{DD743B32-F237-467C-BD2C-EF5157756B7D}.Debug|Any CPU.Build.0 = Debug|Any CPU
		{DD743B32-F237-467C-BD2C-EF5157756B7D}.Release|Any CPU.ActiveCfg = Release|Any CPU
		{DD743B32-F237-467C-BD2C-EF5157756B7D}.Release|Any CPU.Build.0 = Release|Any CPU
		{49B9DDD7-DD37-4024-9EC8-AD5E3F5DAB7D}.Debug|Any CPU.ActiveCfg = Debug|Any CPU
		{49B9DDD7-DD37-4024-9EC8-AD5E3F5DAB7D}.Debug|Any CPU.Build.0 = Debug|Any CPU
		{49B9DDD7-DD37-4024-9EC8-AD5E3F5DAB7D}.Release|Any CPU.ActiveCfg = Release|Any CPU
		{49B9DDD7-DD37-4024-9EC8-AD5E3F5DAB7D}.Release|Any CPU.Build.0 = Release|Any CPU
	EndGlobalSection
	GlobalSection(SolutionProperties) = preSolution
		HideSolutionNode = FALSE
	EndGlobalSection
	GlobalSection(ExtensibilityGlobals) = postSolution
		SolutionGuid = {646A9E83-6A97-46C3-BB81-051664256F21}
	EndGlobalSection
EndGlobal
