
Microsoft Visual Studio Solution File, Format Version 12.00
# Visual Studio Version 17
VisualStudioVersion = 17.0.31903.59
MinimumVisualStudioVersion = 10.0.40219.1
Project("{9A19103F-16F7-4668-BE54-9A1E7A4F7556}") = "Artice.Core", "src\Artice.Core\Artice.Core.csproj", "{21093E2D-95DE-4E95-9AF9-0FFE518A6FDD}"
EndProject
Project("{9A19103F-16F7-4668-BE54-9A1E7A4F7556}") = "Artice.Telegram", "src\Artice.Telegram\Artice.Telegram.csproj", "{F19F2BC8-838B-4012-AB04-206DFE29E58A}"
EndProject
Project("{9A19103F-16F7-4668-BE54-9A1E7A4F7556}") = "Artice.WebApp", "src\Artice.WebApp\Artice.WebApp.csproj", "{3AB840BC-E551-4103-8A09-ED0350572E78}"
EndProject
Project("{9A19103F-16F7-4668-BE54-9A1E7A4F7556}") = "Artice", "src\Artice\Artice.csproj", "{DD743B32-F237-467C-BD2C-EF5157756B7D}"
EndProject
Project("{9A19103F-16F7-4668-BE54-9A1E7A4F7556}") = "Artice.Core.AspNetCore", "src\AspNetCore\Artice.Core.AspNetCore\Artice.Core.AspNetCore.csproj", "{47B4C299-5241-48D6-996E-2C97E4FDB974}"
EndProject
Project("{2150E333-8FDC-42A3-9474-1A3956D46DE8}") = "AspNetCore", "AspNetCore", "{A5652DCC-9481-46E7-B00F-2E394F775172}"
EndProject
Project("{9A19103F-16F7-4668-BE54-9A1E7A4F7556}") = "Artice.Telegram.AspNetCore", "src\AspNetCore\Artice.Telegram.AspNetCore\Artice.Telegram.AspNetCore.csproj", "{CBAD79D3-0C00-4C30-8B49-0A5ABB6E32B4}"
EndProject
Project("{2150E333-8FDC-42A3-9474-1A3956D46DE8}") = "Solution Items", "Solution Items", "{11BABA9E-BDEE-48B7-81C9-2500DC37B519}"
	ProjectSection(SolutionItems) = preProject
		.gitignore = .gitignore
		appveyor.yml = appveyor.yml
		README.md = README.md
	EndProjectSection
EndProject
Project("{2150E333-8FDC-42A3-9474-1A3956D46DE8}") = "tests", "tests", "{5937E8DD-561F-459C-8CD1-783D252078B3}"
EndProject
Project("{9A19103F-16F7-4668-BE54-9A1E7A4F7556}") = "Artice.Core.Tests", "tests\Artice.Core.Tests\Artice.Core.Tests.csproj", "{5B13211A-A5BF-466D-B64A-4BE56348B100}"
EndProject
Project("{2150E333-8FDC-42A3-9474-1A3956D46DE8}") = "Testing", "Testing", "{C6178002-FA50-4061-AF68-FE7B558A946E}"
EndProject
Project("{9A19103F-16F7-4668-BE54-9A1E7A4F7556}") = "Artice.Testing.Core", "src\Testing\Artice.Testing.Core\Artice.Testing.Core.csproj", "{58C5ABE4-E548-498F-8947-A9C6BD15B2FD}"
EndProject
Project("{9A19103F-16F7-4668-BE54-9A1E7A4F7556}") = "Artice.Telegram.Tests", "tests\Artice.Telegram.Tests\Artice.Telegram.Tests.csproj", "{6876A7D8-3838-4DAC-9FB6-769060DA6FF2}"
EndProject
Project("{9A19103F-16F7-4668-BE54-9A1E7A4F7556}") = "Artice.AspNetCore", "src\AspNetCore\Artice.AspNetCore\Artice.AspNetCore.csproj", "{07595A54-05C6-46AF-BC64-ED7808F51B6C}"
EndProject
Project("{9A19103F-16F7-4668-BE54-9A1E7A4F7556}") = "Artice.Tests", "tests\Artice.Tests\Artice.Tests.csproj", "{85D55204-DE7E-404C-AB1F-BFC9202AB228}"
EndProject
Project("{9A19103F-16F7-4668-BE54-9A1E7A4F7556}") = "Artice.Testing", "src\Testing\Artice.Testing\Artice.Testing.csproj", "{0EE6371E-543A-413C-BC07-0546FC0F6AE5}"
EndProject
Project("{2150E333-8FDC-42A3-9474-1A3956D46DE8}") = "src", "src", "{06CB2840-CD3F-4EEB-B267-3153855D6D93}"
EndProject
Project("{9A19103F-16F7-4668-BE54-9A1E7A4F7556}") = "Artice.Vk", "src\Artice.Vk\Artice.Vk.csproj", "{10E803D1-8A9E-4652-8168-2D0A310B77B0}"
EndProject
Project("{9A19103F-16F7-4668-BE54-9A1E7A4F7556}") = "Artice.Vk.AspNetCore", "src\AspNetCore\Artice.Vk.AspNetCore\Artice.Vk.AspNetCore.csproj", "{4A04C809-2467-4246-A552-21A8266F54E5}"
EndProject
Project("{9A19103F-16F7-4668-BE54-9A1E7A4F7556}") = "Artice.AzureWebFunctions", "src\Artice.AzureWebFunctions\Artice.AzureWebFunctions.csproj", "{4CC5E095-99AA-4AC7-9628-4CF83580C63B}"
EndProject
Project("{9A19103F-16F7-4668-BE54-9A1E7A4F7556}") = "Artice.AzureWebJob", "src\Artice.AzureWebJob\Artice.AzureWebJob.csproj", "{D032D631-7EF7-4E33-870D-504AB0F17CC5}"
EndProject
Project("{FAE04EC0-301F-11D3-BF4B-00C04F79EFBC}") = "Artice.AspNetCore.OnPremises", "src\AspNetCore\Artice.AspNetCore.OnPremises\Artice.AspNetCore.OnPremises.csproj", "{17B8B62E-6348-4002-A05D-5390BE651BB4}"
EndProject
Project("{FAE04EC0-301F-11D3-BF4B-00C04F79EFBC}") = "Artice.AspNetCore.AzureWebJob", "src\AspNetCore\Artice.AspNetCore.AzureWebJob\Artice.AspNetCore.AzureWebJob.csproj", "{9E6F2314-6B18-457E-9E9C-D1B1376ACCC0}"
EndProject
Global
	GlobalSection(SolutionConfigurationPlatforms) = preSolution
		Debug|Any CPU = Debug|Any CPU
		Release|Any CPU = Release|Any CPU
	EndGlobalSection
	GlobalSection(ProjectConfigurationPlatforms) = postSolution
		{21093E2D-95DE-4E95-9AF9-0FFE518A6FDD}.Debug|Any CPU.ActiveCfg = Debug|Any CPU
		{21093E2D-95DE-4E95-9AF9-0FFE518A6FDD}.Debug|Any CPU.Build.0 = Debug|Any CPU
		{21093E2D-95DE-4E95-9AF9-0FFE518A6FDD}.Release|Any CPU.ActiveCfg = Release|Any CPU
		{21093E2D-95DE-4E95-9AF9-0FFE518A6FDD}.Release|Any CPU.Build.0 = Release|Any CPU
		{F19F2BC8-838B-4012-AB04-206DFE29E58A}.Debug|Any CPU.ActiveCfg = Debug|Any CPU
		{F19F2BC8-838B-4012-AB04-206DFE29E58A}.Debug|Any CPU.Build.0 = Debug|Any CPU
		{F19F2BC8-838B-4012-AB04-206DFE29E58A}.Release|Any CPU.ActiveCfg = Release|Any CPU
		{F19F2BC8-838B-4012-AB04-206DFE29E58A}.Release|Any CPU.Build.0 = Release|Any CPU
		{3AB840BC-E551-4103-8A09-ED0350572E78}.Debug|Any CPU.ActiveCfg = Debug|Any CPU
		{3AB840BC-E551-4103-8A09-ED0350572E78}.Debug|Any CPU.Build.0 = Debug|Any CPU
		{3AB840BC-E551-4103-8A09-ED0350572E78}.Release|Any CPU.ActiveCfg = Release|Any CPU
		{3AB840BC-E551-4103-8A09-ED0350572E78}.Release|Any CPU.Build.0 = Release|Any CPU
		{DD743B32-F237-467C-BD2C-EF5157756B7D}.Debug|Any CPU.ActiveCfg = Debug|Any CPU
		{DD743B32-F237-467C-BD2C-EF5157756B7D}.Debug|Any CPU.Build.0 = Debug|Any CPU
		{DD743B32-F237-467C-BD2C-EF5157756B7D}.Release|Any CPU.ActiveCfg = Release|Any CPU
		{DD743B32-F237-467C-BD2C-EF5157756B7D}.Release|Any CPU.Build.0 = Release|Any CPU
		{47B4C299-5241-48D6-996E-2C97E4FDB974}.Debug|Any CPU.ActiveCfg = Debug|Any CPU
		{47B4C299-5241-48D6-996E-2C97E4FDB974}.Debug|Any CPU.Build.0 = Debug|Any CPU
		{47B4C299-5241-48D6-996E-2C97E4FDB974}.Release|Any CPU.ActiveCfg = Release|Any CPU
		{47B4C299-5241-48D6-996E-2C97E4FDB974}.Release|Any CPU.Build.0 = Release|Any CPU
		{CBAD79D3-0C00-4C30-8B49-0A5ABB6E32B4}.Debug|Any CPU.ActiveCfg = Debug|Any CPU
		{CBAD79D3-0C00-4C30-8B49-0A5ABB6E32B4}.Debug|Any CPU.Build.0 = Debug|Any CPU
		{CBAD79D3-0C00-4C30-8B49-0A5ABB6E32B4}.Release|Any CPU.ActiveCfg = Release|Any CPU
		{CBAD79D3-0C00-4C30-8B49-0A5ABB6E32B4}.Release|Any CPU.Build.0 = Release|Any CPU
		{5B13211A-A5BF-466D-B64A-4BE56348B100}.Debug|Any CPU.ActiveCfg = Debug|Any CPU
		{5B13211A-A5BF-466D-B64A-4BE56348B100}.Debug|Any CPU.Build.0 = Debug|Any CPU
		{5B13211A-A5BF-466D-B64A-4BE56348B100}.Release|Any CPU.ActiveCfg = Release|Any CPU
		{5B13211A-A5BF-466D-B64A-4BE56348B100}.Release|Any CPU.Build.0 = Release|Any CPU
		{58C5ABE4-E548-498F-8947-A9C6BD15B2FD}.Debug|Any CPU.ActiveCfg = Debug|Any CPU
		{58C5ABE4-E548-498F-8947-A9C6BD15B2FD}.Debug|Any CPU.Build.0 = Debug|Any CPU
		{58C5ABE4-E548-498F-8947-A9C6BD15B2FD}.Release|Any CPU.ActiveCfg = Release|Any CPU
		{58C5ABE4-E548-498F-8947-A9C6BD15B2FD}.Release|Any CPU.Build.0 = Release|Any CPU
		{6876A7D8-3838-4DAC-9FB6-769060DA6FF2}.Debug|Any CPU.ActiveCfg = Debug|Any CPU
		{6876A7D8-3838-4DAC-9FB6-769060DA6FF2}.Debug|Any CPU.Build.0 = Debug|Any CPU
		{6876A7D8-3838-4DAC-9FB6-769060DA6FF2}.Release|Any CPU.ActiveCfg = Release|Any CPU
		{6876A7D8-3838-4DAC-9FB6-769060DA6FF2}.Release|Any CPU.Build.0 = Release|Any CPU
		{07595A54-05C6-46AF-BC64-ED7808F51B6C}.Debug|Any CPU.ActiveCfg = Debug|Any CPU
		{07595A54-05C6-46AF-BC64-ED7808F51B6C}.Debug|Any CPU.Build.0 = Debug|Any CPU
		{07595A54-05C6-46AF-BC64-ED7808F51B6C}.Release|Any CPU.ActiveCfg = Release|Any CPU
		{07595A54-05C6-46AF-BC64-ED7808F51B6C}.Release|Any CPU.Build.0 = Release|Any CPU
		{85D55204-DE7E-404C-AB1F-BFC9202AB228}.Debug|Any CPU.ActiveCfg = Debug|Any CPU
		{85D55204-DE7E-404C-AB1F-BFC9202AB228}.Debug|Any CPU.Build.0 = Debug|Any CPU
		{85D55204-DE7E-404C-AB1F-BFC9202AB228}.Release|Any CPU.ActiveCfg = Release|Any CPU
		{85D55204-DE7E-404C-AB1F-BFC9202AB228}.Release|Any CPU.Build.0 = Release|Any CPU
		{0EE6371E-543A-413C-BC07-0546FC0F6AE5}.Debug|Any CPU.ActiveCfg = Debug|Any CPU
		{0EE6371E-543A-413C-BC07-0546FC0F6AE5}.Debug|Any CPU.Build.0 = Debug|Any CPU
		{0EE6371E-543A-413C-BC07-0546FC0F6AE5}.Release|Any CPU.ActiveCfg = Release|Any CPU
		{0EE6371E-543A-413C-BC07-0546FC0F6AE5}.Release|Any CPU.Build.0 = Release|Any CPU
		{10E803D1-8A9E-4652-8168-2D0A310B77B0}.Debug|Any CPU.ActiveCfg = Debug|Any CPU
		{10E803D1-8A9E-4652-8168-2D0A310B77B0}.Debug|Any CPU.Build.0 = Debug|Any CPU
		{10E803D1-8A9E-4652-8168-2D0A310B77B0}.Release|Any CPU.ActiveCfg = Release|Any CPU
		{10E803D1-8A9E-4652-8168-2D0A310B77B0}.Release|Any CPU.Build.0 = Release|Any CPU
		{4A04C809-2467-4246-A552-21A8266F54E5}.Debug|Any CPU.ActiveCfg = Debug|Any CPU
		{4A04C809-2467-4246-A552-21A8266F54E5}.Debug|Any CPU.Build.0 = Debug|Any CPU
		{4A04C809-2467-4246-A552-21A8266F54E5}.Release|Any CPU.ActiveCfg = Release|Any CPU
		{4A04C809-2467-4246-A552-21A8266F54E5}.Release|Any CPU.Build.0 = Release|Any CPU
		{4CC5E095-99AA-4AC7-9628-4CF83580C63B}.Debug|Any CPU.ActiveCfg = Debug|Any CPU
		{4CC5E095-99AA-4AC7-9628-4CF83580C63B}.Debug|Any CPU.Build.0 = Debug|Any CPU
		{4CC5E095-99AA-4AC7-9628-4CF83580C63B}.Release|Any CPU.ActiveCfg = Release|Any CPU
		{4CC5E095-99AA-4AC7-9628-4CF83580C63B}.Release|Any CPU.Build.0 = Release|Any CPU
		{D032D631-7EF7-4E33-870D-504AB0F17CC5}.Debug|Any CPU.ActiveCfg = Debug|Any CPU
		{D032D631-7EF7-4E33-870D-504AB0F17CC5}.Debug|Any CPU.Build.0 = Debug|Any CPU
		{D032D631-7EF7-4E33-870D-504AB0F17CC5}.Release|Any CPU.ActiveCfg = Release|Any CPU
		{D032D631-7EF7-4E33-870D-504AB0F17CC5}.Release|Any CPU.Build.0 = Release|Any CPU
		{17B8B62E-6348-4002-A05D-5390BE651BB4}.Debug|Any CPU.ActiveCfg = Debug|Any CPU
		{17B8B62E-6348-4002-A05D-5390BE651BB4}.Debug|Any CPU.Build.0 = Debug|Any CPU
		{17B8B62E-6348-4002-A05D-5390BE651BB4}.Release|Any CPU.ActiveCfg = Release|Any CPU
		{17B8B62E-6348-4002-A05D-5390BE651BB4}.Release|Any CPU.Build.0 = Release|Any CPU
		{9E6F2314-6B18-457E-9E9C-D1B1376ACCC0}.Debug|Any CPU.ActiveCfg = Debug|Any CPU
		{9E6F2314-6B18-457E-9E9C-D1B1376ACCC0}.Debug|Any CPU.Build.0 = Debug|Any CPU
		{9E6F2314-6B18-457E-9E9C-D1B1376ACCC0}.Release|Any CPU.ActiveCfg = Release|Any CPU
		{9E6F2314-6B18-457E-9E9C-D1B1376ACCC0}.Release|Any CPU.Build.0 = Release|Any CPU
	EndGlobalSection
	GlobalSection(SolutionProperties) = preSolution
		HideSolutionNode = FALSE
	EndGlobalSection
	GlobalSection(NestedProjects) = preSolution
		{21093E2D-95DE-4E95-9AF9-0FFE518A6FDD} = {06CB2840-CD3F-4EEB-B267-3153855D6D93}
		{F19F2BC8-838B-4012-AB04-206DFE29E58A} = {06CB2840-CD3F-4EEB-B267-3153855D6D93}
		{3AB840BC-E551-4103-8A09-ED0350572E78} = {06CB2840-CD3F-4EEB-B267-3153855D6D93}
		{DD743B32-F237-467C-BD2C-EF5157756B7D} = {06CB2840-CD3F-4EEB-B267-3153855D6D93}
		{47B4C299-5241-48D6-996E-2C97E4FDB974} = {A5652DCC-9481-46E7-B00F-2E394F775172}
		{A5652DCC-9481-46E7-B00F-2E394F775172} = {06CB2840-CD3F-4EEB-B267-3153855D6D93}
		{CBAD79D3-0C00-4C30-8B49-0A5ABB6E32B4} = {A5652DCC-9481-46E7-B00F-2E394F775172}
		{5B13211A-A5BF-466D-B64A-4BE56348B100} = {5937E8DD-561F-459C-8CD1-783D252078B3}
		{C6178002-FA50-4061-AF68-FE7B558A946E} = {06CB2840-CD3F-4EEB-B267-3153855D6D93}
		{58C5ABE4-E548-498F-8947-A9C6BD15B2FD} = {C6178002-FA50-4061-AF68-FE7B558A946E}
		{6876A7D8-3838-4DAC-9FB6-769060DA6FF2} = {5937E8DD-561F-459C-8CD1-783D252078B3}
		{07595A54-05C6-46AF-BC64-ED7808F51B6C} = {A5652DCC-9481-46E7-B00F-2E394F775172}
		{85D55204-DE7E-404C-AB1F-BFC9202AB228} = {5937E8DD-561F-459C-8CD1-783D252078B3}
		{0EE6371E-543A-413C-BC07-0546FC0F6AE5} = {C6178002-FA50-4061-AF68-FE7B558A946E}
		{10E803D1-8A9E-4652-8168-2D0A310B77B0} = {06CB2840-CD3F-4EEB-B267-3153855D6D93}
		{4A04C809-2467-4246-A552-21A8266F54E5} = {A5652DCC-9481-46E7-B00F-2E394F775172}
		{4CC5E095-99AA-4AC7-9628-4CF83580C63B} = {06CB2840-CD3F-4EEB-B267-3153855D6D93}
		{D032D631-7EF7-4E33-870D-504AB0F17CC5} = {06CB2840-CD3F-4EEB-B267-3153855D6D93}
		{17B8B62E-6348-4002-A05D-5390BE651BB4} = {A5652DCC-9481-46E7-B00F-2E394F775172}
		{9E6F2314-6B18-457E-9E9C-D1B1376ACCC0} = {A5652DCC-9481-46E7-B00F-2E394F775172}
	EndGlobalSection
	GlobalSection(ExtensibilityGlobals) = postSolution
		SolutionGuid = {646A9E83-6A97-46C3-BB81-051664256F21}
	EndGlobalSection
EndGlobal
